// !$*UTF8*$!
{
	archiveVersion = 1;
	classes = {
	};
	objectVersion = 46;
	objects = {

/* Begin PBXBuildFile section */
		273018551E8BBD1300F3ADA3 /* AppDelegate.swift in Sources */ = {isa = PBXBuildFile; fileRef = 273018541E8BBD1300F3ADA3 /* AppDelegate.swift */; };
		273018571E8BBD1300F3ADA3 /* ViewController.swift in Sources */ = {isa = PBXBuildFile; fileRef = 273018561E8BBD1300F3ADA3 /* ViewController.swift */; };
		2730185A1E8BBD1300F3ADA3 /* Main.storyboard in Resources */ = {isa = PBXBuildFile; fileRef = 273018581E8BBD1300F3ADA3 /* Main.storyboard */; };
		2730185C1E8BBD1300F3ADA3 /* Assets.xcassets in Resources */ = {isa = PBXBuildFile; fileRef = 2730185B1E8BBD1300F3ADA3 /* Assets.xcassets */; };
		2730185F1E8BBD1300F3ADA3 /* LaunchScreen.storyboard in Resources */ = {isa = PBXBuildFile; fileRef = 2730185D1E8BBD1300F3ADA3 /* LaunchScreen.storyboard */; };
/* End PBXBuildFile section */

/* Begin PBXFileReference section */
		273018511E8BBD1300F3ADA3 /* FoodShack.app */ = {isa = PBXFileReference; explicitFileType = wrapper.application; includeInIndex = 0; path = FoodShack.app; sourceTree = BUILT_PRODUCTS_DIR; };
		273018541E8BBD1300F3ADA3 /* AppDelegate.swift */ = {isa = PBXFileReference; lastKnownFileType = sourcecode.swift; path = AppDelegate.swift; sourceTree = "<group>"; };
		273018561E8BBD1300F3ADA3 /* ViewController.swift */ = {isa = PBXFileReference; lastKnownFileType = sourcecode.swift; path = ViewController.swift; sourceTree = "<group>"; };
		273018591E8BBD1300F3ADA3 /* Base */ = {isa = PBXFileReference; lastKnownFileType = file.storyboard; name = Base; path = Base.lproj/Main.storyboard; sourceTree = "<group>"; };
		2730185B1E8BBD1300F3ADA3 /* Assets.xcassets */ = {isa = PBXFileReference; lastKnownFileType = folder.assetcatalog; path = Assets.xcassets; sourceTree = "<group>"; };
		2730185E1E8BBD1300F3ADA3 /* Base */ = {isa = PBXFileReference; lastKnownFileType = file.storyboard; name = Base; path = Base.lproj/LaunchScreen.storyboard; sourceTree = "<group>"; };
		273018601E8BBD1300F3ADA3 /* Info.plist */ = {isa = PBXFileReference; lastKnownFileType = text.plist.xml; path = Info.plist; sourceTree = "<group>"; };
/* End PBXFileReference section */

/* Begin PBXFrameworksBuildPhase section */
		2730184E1E8BBD1300F3ADA3 /* Frameworks */ = {
			isa = PBXFrameworksBuildPhase;
			buildActionMask = 2147483647;
			files = (
			);
			runOnlyForDeploymentPostprocessing = 0;
		};
/* End PBXFrameworksBuildPhase section */

/* Begin PBXGroup section */
		273018481E8BBD1200F3ADA3 = {
			isa = PBXGroup;
			children = (
				273018531E8BBD1300F3ADA3 /* FoodShack */,
				273018521E8BBD1300F3ADA3 /* Products */,
			);
			sourceTree = "<group>";
		};
		273018521E8BBD1300F3ADA3 /* Products */ = {
			isa = PBXGroup;
			children = (
				273018511E8BBD1300F3ADA3 /* FoodShack.app */,
			);
			name = Products;
			sourceTree = "<group>";
		};
		273018531E8BBD1300F3ADA3 /* FoodShack */ = {
			isa = PBXGroup;
			children = (
				273018541E8BBD1300F3ADA3 /* AppDelegate.swift */,
				273018561E8BBD1300F3ADA3 /* ViewController.swift */,
				273018581E8BBD1300F3ADA3 /* Main.storyboard */,
				2730185B1E8BBD1300F3ADA3 /* Assets.xcassets */,
				2730185D1E8BBD1300F3ADA3 /* LaunchScreen.storyboard */,
				273018601E8BBD1300F3ADA3 /* Info.plist */,
			);
			path = FoodShack;
			sourceTree = "<group>";
		};
/* End PBXGroup section */

/* Begin PBXNativeTarget section */
		273018501E8BBD1300F3ADA3 /* FoodShack */ = {
			isa = PBXNativeTarget;
			buildConfigurationList = 273018631E8BBD1300F3ADA3 /* Build configuration list for PBXNativeTarget "FoodShack" */;
			buildPhases = (
				2730184D1E8BBD1300F3ADA3 /* Sources */,
				2730184E1E8BBD1300F3ADA3 /* Frameworks */,
				2730184F1E8BBD1300F3ADA3 /* Resources */,
			);
			buildRules = (
			);
			dependencies = (
			);
			name = FoodShack;
			productName = FoodShack;
			productReference = 273018511E8BBD1300F3ADA3 /* FoodShack.app */;
			productType = "com.apple.product-type.application";
		};
/* End PBXNativeTarget section */

/* Begin PBXProject section */
		273018491E8BBD1200F3ADA3 /* Project object */ = {
			isa = PBXProject;
			attributes = {
				LastSwiftUpdateCheck = 0820;
				LastUpgradeCheck = 0820;
				ORGANIZATIONNAME = "Vasco Gomes";
				TargetAttributes = {
					273018501E8BBD1300F3ADA3 = {
						CreatedOnToolsVersion = 8.2.1;
						DevelopmentTeam = NZ9T8J253B;
						ProvisioningStyle = Automatic;
					};
				};
			};
			buildConfigurationList = 2730184C1E8BBD1200F3ADA3 /* Build configuration list for PBXProject "FoodShack" */;
			compatibilityVersion = "Xcode 3.2";
			developmentRegion = English;
			hasScannedForEncodings = 0;
			knownRegions = (
				en,
				Base,
			);
			mainGroup = 273018481E8BBD1200F3ADA3;
			productRefGroup = 273018521E8BBD1300F3ADA3 /* Products */;
			projectDirPath = "";
			projectRoot = "";
			targets = (
				273018501E8BBD1300F3ADA3 /* FoodShack */,
			);
		};
/* End PBXProject section */

/* Begin PBXResourcesBuildPhase section */
		2730184F1E8BBD1300F3ADA3 /* Resources */ = {
			isa = PBXResourcesBuildPhase;
			buildActionMask = 2147483647;
			files = (
				2730185F1E8BBD1300F3ADA3 /* LaunchScreen.storyboard in Resources */,
				2730185C1E8BBD1300F3ADA3 /* Assets.xcassets in Resources */,
				2730185A1E8BBD1300F3ADA3 /* Main.storyboard in Resources */,
			);
			runOnlyForDeploymentPostprocessing = 0;
		};
/* End PBXResourcesBuildPhase section */

/* Begin PBXSourcesBuildPhase section */
		2730184D1E8BBD1300F3ADA3 /* Sources */ = {
			isa = PBXSourcesBuildPhase;
			buildActionMask = 2147483647;
			files = (
				273018571E8BBD1300F3ADA3 /* ViewController.swift in Sources */,
				273018551E8BBD1300F3ADA3 /* AppDelegate.swift in Sources */,
			);
			runOnlyForDeploymentPostprocessing = 0;
		};
/* End PBXSourcesBuildPhase section */

/* Begin PBXVariantGroup section */
		273018581E8BBD1300F3ADA3 /* Main.storyboard */ = {
			isa = PBXVariantGroup;
			children = (
				273018591E8BBD1300F3ADA3 /* Base */,
			);
			name = Main.storyboard;
			sourceTree = "<group>";
		};
		2730185D1E8BBD1300F3ADA3 /* LaunchScreen.storyboard */ = {
			isa = PBXVariantGroup;
			children = (
				2730185E1E8BBD1300F3ADA3 /* Base */,
			);
			name = LaunchScreen.storyboard;
			sourceTree = "<group>";
		};
/* End PBXVariantGroup section */

/* Begin XCBuildConfiguration section */
		273018611E8BBD1300F3ADA3 /* Debug */ = {
			isa = XCBuildConfiguration;
			buildSettings = {
				ALWAYS_SEARCH_USER_PATHS = NO;
				CLANG_ANALYZER_NONNULL = YES;
				CLANG_CXX_LANGUAGE_STANDARD = "gnu++0x";
				CLANG_CXX_LIBRARY = "libc++";
				CLANG_ENABLE_MODULES = YES;
				CLANG_ENABLE_OBJC_ARC = YES;
				CLANG_WARN_BOOL_CONVERSION = YES;
				CLANG_WARN_CONSTANT_CONVERSION = YES;
				CLANG_WARN_DIRECT_OBJC_ISA_USAGE = YES_ERROR;
				CLANG_WARN_DOCUMENTATION_COMMENTS = YES;
				CLANG_WARN_EMPTY_BODY = YES;
				CLANG_WARN_ENUM_CONVERSION = YES;
				CLANG_WARN_INFINITE_RECURSION = YES;
				CLANG_WARN_INT_CONVERSION = YES;
				CLANG_WARN_OBJC_ROOT_CLASS = YES_ERROR;
				CLANG_WARN_SUSPICIOUS_MOVE = YES;
				CLANG_WARN_UNREACHABLE_CODE = YES;
				CLANG_WARN__DUPLICATE_METHOD_MATCH = YES;
				"CODE_SIGN_IDENTITY[sdk=iphoneos*]" = "iPhone Developer";
				COPY_PHASE_STRIP = NO;
				DEBUG_INFORMATION_FORMAT = dwarf;
				ENABLE_STRICT_OBJC_MSGSEND = YES;
				ENABLE_TESTABILITY = YES;
				GCC_C_LANGUAGE_STANDARD = gnu99;
				GCC_DYNAMIC_NO_PIC = NO;
				GCC_NO_COMMON_BLOCKS = YES;
				GCC_OPTIMIZATION_LEVEL = 0;
				GCC_PREPROCESSOR_DEFINITIONS = (
					"DEBUG=1",
					"$(inherited)",
				);
				GCC_WARN_64_TO_32_BIT_CONVERSION = YES;
				GCC_WARN_ABOUT_RETURN_TYPE = YES_ERROR;
				GCC_WARN_UNDECLARED_SELECTOR = YES;
				GCC_WARN_UNINITIALIZED_AUTOS = YES_AGGRESSIVE;
				GCC_WARN_UNUSED_FUNCTION = YES;
				GCC_WARN_UNUSED_VARIABLE = YES;
				IPHONEOS_DEPLOYMENT_TARGET = 10.2;
				MTL_ENABLE_DEBUG_INFO = YES;
				ONLY_ACTIVE_ARCH = YES;
				SDKROOT = iphoneos;
				SWIFT_ACTIVE_COMPILATION_CONDITIONS = DEBUG;
				SWIFT_OPTIMIZATION_LEVEL = "-Onone";
				TARGETED_DEVICE_FAMILY = "1,2";
			};
			name = Debug;
		};
		273018621E8BBD1300F3ADA3 /* Release */ = {
			isa = XCBuildConfiguration;
			buildSettings = {
				ALWAYS_SEARCH_USER_PATHS = NO;
				CLANG_ANALYZER_NONNULL = YES;
				CLANG_CXX_LANGUAGE_STANDARD = "gnu++0x";
				CLANG_CXX_LIBRARY = "libc++";
				CLANG_ENABLE_MODULES = YES;
				CLANG_ENABLE_OBJC_ARC = YES;
				CLANG_WARN_BOOL_CONVERSION = YES;
				CLANG_WARN_CONSTANT_CONVERSION = YES;
				CLANG_WARN_DIRECT_OBJC_ISA_USAGE = YES_ERROR;
				CLANG_WARN_DOCUMENTATION_COMMENTS = YES;
				CLANG_WARN_EMPTY_BODY = YES;
				CLANG_WARN_ENUM_CONVERSION = YES;
				CLANG_WARN_INFINITE_RECURSION = YES;
				CLANG_WARN_INT_CONVERSION = YES;
				CLANG_WARN_OBJC_ROOT_CLASS = YES_ERROR;
				CLANG_WARN_SUSPICIOUS_MOVE = YES;
				CLANG_WARN_UNREACHABLE_CODE = YES;
				CLANG_WARN__DUPLICATE_METHOD_MATCH = YES;
				"CODE_SIGN_IDENTITY[sdk=iphoneos*]" = "iPhone Developer";
				COPY_PHASE_STRIP = NO;
				DEBUG_INFORMATION_FORMAT = "dwarf-with-dsym";
				ENABLE_NS_ASSERTIONS = NO;
				ENABLE_STRICT_OBJC_MSGSEND = YES;
				GCC_C_LANGUAGE_STANDARD = gnu99;
				GCC_NO_COMMON_BLOCKS = YES;
				GCC_WARN_64_TO_32_BIT_CONVERSION = YES;
				GCC_WARN_ABOUT_RETURN_TYPE = YES_ERROR;
				GCC_WARN_UNDECLARED_SELECTOR = YES;
				GCC_WARN_UNINITIALIZED_AUTOS = YES_AGGRESSIVE;
				GCC_WARN_UNUSED_FUNCTION = YES;
				GCC_WARN_UNUSED_VARIABLE = YES;
				IPHONEOS_DEPLOYMENT_TARGET = 10.2;
				MTL_ENABLE_DEBUG_INFO = NO;
				SDKROOT = iphoneos;
				SWIFT_OPTIMIZATION_LEVEL = "-Owholemodule";
				TARGETED_DEVICE_FAMILY = "1,2";
				VALIDATE_PRODUCT = YES;
			};
			name = Release;
		};
		273018641E8BBD1300F3ADA3 /* Debug */ = {
			isa = XCBuildConfiguration;
			buildSettings = {
				ASSETCATALOG_COMPILER_APPICON_NAME = AppIcon;
				DEVELOPMENT_TEAM = NZ9T8J253B;
				INFOPLIST_FILE = FoodShack/Info.plist;
				LD_RUNPATH_SEARCH_PATHS = "$(inherited) @executable_path/Frameworks";
				PRODUCT_BUNDLE_IDENTIFIER = com.vascoGomes.FoodShack;
				PRODUCT_NAME = "$(TARGET_NAME)";
				SWIFT_VERSION = 3.0;
			};
			name = Debug;
		};
		273018651E8BBD1300F3ADA3 /* Release */ = {
			isa = XCBuildConfiguration;
			buildSettings = {
				ASSETCATALOG_COMPILER_APPICON_NAME = AppIcon;
				DEVELOPMENT_TEAM = NZ9T8J253B;
				INFOPLIST_FILE = FoodShack/Info.plist;
				LD_RUNPATH_SEARCH_PATHS = "$(inherited) @executable_path/Frameworks";
				PRODUCT_BUNDLE_IDENTIFIER = com.vascoGomes.FoodShack;
				PRODUCT_NAME = "$(TARGET_NAME)";
				SWIFT_VERSION = 3.0;
			};
			name = Release;
		};
/* End XCBuildConfiguration section */

/* Begin XCConfigurationList section */
		2730184C1E8BBD1200F3ADA3 /* Build configuration list for PBXProject "FoodShack" */ = {
			isa = XCConfigurationList;
			buildConfigurations = (
				273018611E8BBD1300F3ADA3 /* Debug */,
				273018621E8BBD1300F3ADA3 /* Release */,
			);
			defaultConfigurationIsVisible = 0;
			defaultConfigurationName = Release;
		};
		273018631E8BBD1300F3ADA3 /* Build configuration list for PBXNativeTarget "FoodShack" */ = {
			isa = XCConfigurationList;
			buildConfigurations = (
				273018641E8BBD1300F3ADA3 /* Debug */,
				273018651E8BBD1300F3ADA3 /* Release */,
			);
			defaultConfigurationIsVisible = 0;
		};
/* End XCConfigurationList section */
	};
	rootObject = 273018491E8BBD1200F3ADA3 /* Project object */;
}
